
Microsoft Visual Studio Solution File, Format Version 12.00
# Visual Studio Version 17
VisualStudioVersion = 17.8.0.0
MinimumVisualStudioVersion = 17.8.0.0
Project("{9A19103F-16F7-4668-BE54-9A1E7A4F7556}") = "S2GPulseWeb.AppHost", "S2GPulseWeb.AppHost\S2GPulseWeb.AppHost.csproj", "{1DC5C06F-D33A-46BB-B0AB-484C80753F5A}"
EndProject
Project("{9A19103F-16F7-4668-BE54-9A1E7A4F7556}") = "S2GPulseWeb.ServiceDefaults", "S2GPulseWeb.ServiceDefaults\S2GPulseWeb.ServiceDefaults.csproj", "{ABC91174-5E68-4866-B1FA-D8372BD7B76D}"
EndProject
Project("{9A19103F-16F7-4668-BE54-9A1E7A4F7556}") = "S2GPulseWeb.ApiService", "S2GPulseWeb.ApiService\S2GPulseWeb.ApiService.csproj", "{5B07DCAE-FB45-472F-B4D3-83208C369605}"
EndProject
Project("{9A19103F-16F7-4668-BE54-9A1E7A4F7556}") = "S2GPulseWeb.Web", "S2GPulseWeb.Web\S2GPulseWeb.Web.csproj", "{7F5376B5-00C1-4E55-95F5-7B1E01CB1A18}"
EndProject
Project("{FAE04EC0-301F-11D3-BF4B-00C04F79EFBC}") = "AzureFunctionProxy", "AzureFunctionProxy\AzureFunctionProxy.csproj", "{B80139F4-9872-43A7-B9D8-D00269F4ABE8}"
EndProject
Global
	GlobalSection(SolutionConfigurationPlatforms) = preSolution
		Debug|Any CPU = Debug|Any CPU
		Debug|x64 = Debug|x64
		Debug|x86 = Debug|x86
		Release|Any CPU = Release|Any CPU
		Release|x64 = Release|x64
		Release|x86 = Release|x86
	EndGlobalSection
	GlobalSection(ProjectConfigurationPlatforms) = postSolution
		{1DC5C06F-D33A-46BB-B0AB-484C80753F5A}.Debug|Any CPU.ActiveCfg = Debug|Any CPU
		{1DC5C06F-D33A-46BB-B0AB-484C80753F5A}.Debug|Any CPU.Build.0 = Debug|Any CPU
		{1DC5C06F-D33A-46BB-B0AB-484C80753F5A}.Debug|x64.ActiveCfg = Debug|Any CPU
		{1DC5C06F-D33A-46BB-B0AB-484C80753F5A}.Debug|x64.Build.0 = Debug|Any CPU
		{1DC5C06F-D33A-46BB-B0AB-484C80753F5A}.Debug|x86.ActiveCfg = Debug|Any CPU
		{1DC5C06F-D33A-46BB-B0AB-484C80753F5A}.Debug|x86.Build.0 = Debug|Any CPU
		{1DC5C06F-D33A-46BB-B0AB-484C80753F5A}.Release|Any CPU.ActiveCfg = Release|Any CPU
		{1DC5C06F-D33A-46BB-B0AB-484C80753F5A}.Release|Any CPU.Build.0 = Release|Any CPU
		{1DC5C06F-D33A-46BB-B0AB-484C80753F5A}.Release|x64.ActiveCfg = Release|Any CPU
		{1DC5C06F-D33A-46BB-B0AB-484C80753F5A}.Release|x64.Build.0 = Release|Any CPU
		{1DC5C06F-D33A-46BB-B0AB-484C80753F5A}.Release|x86.ActiveCfg = Release|Any CPU
		{1DC5C06F-D33A-46BB-B0AB-484C80753F5A}.Release|x86.Build.0 = Release|Any CPU
		{ABC91174-5E68-4866-B1FA-D8372BD7B76D}.Debug|Any CPU.ActiveCfg = Debug|Any CPU
		{ABC91174-5E68-4866-B1FA-D8372BD7B76D}.Debug|Any CPU.Build.0 = Debug|Any CPU
		{ABC91174-5E68-4866-B1FA-D8372BD7B76D}.Debug|x64.ActiveCfg = Debug|Any CPU
		{ABC91174-5E68-4866-B1FA-D8372BD7B76D}.Debug|x64.Build.0 = Debug|Any CPU
		{ABC91174-5E68-4866-B1FA-D8372BD7B76D}.Debug|x86.ActiveCfg = Debug|Any CPU
		{ABC91174-5E68-4866-B1FA-D8372BD7B76D}.Debug|x86.Build.0 = Debug|Any CPU
		{ABC91174-5E68-4866-B1FA-D8372BD7B76D}.Release|Any CPU.ActiveCfg = Release|Any CPU
		{ABC91174-5E68-4866-B1FA-D8372BD7B76D}.Release|Any CPU.Build.0 = Release|Any CPU
		{ABC91174-5E68-4866-B1FA-D8372BD7B76D}.Release|x64.ActiveCfg = Release|Any CPU
		{ABC91174-5E68-4866-B1FA-D8372BD7B76D}.Release|x64.Build.0 = Release|Any CPU
		{ABC91174-5E68-4866-B1FA-D8372BD7B76D}.Release|x86.ActiveCfg = Release|Any CPU
		{ABC91174-5E68-4866-B1FA-D8372BD7B76D}.Release|x86.Build.0 = Release|Any CPU
		{5B07DCAE-FB45-472F-B4D3-83208C369605}.Debug|Any CPU.ActiveCfg = Debug|Any CPU
		{5B07DCAE-FB45-472F-B4D3-83208C369605}.Debug|Any CPU.Build.0 = Debug|Any CPU
		{5B07DCAE-FB45-472F-B4D3-83208C369605}.Debug|x64.ActiveCfg = Debug|Any CPU
		{5B07DCAE-FB45-472F-B4D3-83208C369605}.Debug|x64.Build.0 = Debug|Any CPU
		{5B07DCAE-FB45-472F-B4D3-83208C369605}.Debug|x86.ActiveCfg = Debug|Any CPU
		{5B07DCAE-FB45-472F-B4D3-83208C369605}.Debug|x86.Build.0 = Debug|Any CPU
		{5B07DCAE-FB45-472F-B4D3-83208C369605}.Release|Any CPU.ActiveCfg = Release|Any CPU
		{5B07DCAE-FB45-472F-B4D3-83208C369605}.Release|Any CPU.Build.0 = Release|Any CPU
		{5B07DCAE-FB45-472F-B4D3-83208C369605}.Release|x64.ActiveCfg = Release|Any CPU
		{5B07DCAE-FB45-472F-B4D3-83208C369605}.Release|x64.Build.0 = Release|Any CPU
		{5B07DCAE-FB45-472F-B4D3-83208C369605}.Release|x86.ActiveCfg = Release|Any CPU
		{5B07DCAE-FB45-472F-B4D3-83208C369605}.Release|x86.Build.0 = Release|Any CPU
		{7F5376B5-00C1-4E55-95F5-7B1E01CB1A18}.Debug|Any CPU.ActiveCfg = Debug|Any CPU
		{7F5376B5-00C1-4E55-95F5-7B1E01CB1A18}.Debug|Any CPU.Build.0 = Debug|Any CPU
		{7F5376B5-00C1-4E55-95F5-7B1E01CB1A18}.Debug|x64.ActiveCfg = Debug|Any CPU
		{7F5376B5-00C1-4E55-95F5-7B1E01CB1A18}.Debug|x64.Build.0 = Debug|Any CPU
		{7F5376B5-00C1-4E55-95F5-7B1E01CB1A18}.Debug|x86.ActiveCfg = Debug|Any CPU
		{7F5376B5-00C1-4E55-95F5-7B1E01CB1A18}.Debug|x86.Build.0 = Debug|Any CPU
		{7F5376B5-00C1-4E55-95F5-7B1E01CB1A18}.Release|Any CPU.ActiveCfg = Release|Any CPU
		{7F5376B5-00C1-4E55-95F5-7B1E01CB1A18}.Release|Any CPU.Build.0 = Release|Any CPU
		{7F5376B5-00C1-4E55-95F5-7B1E01CB1A18}.Release|x64.ActiveCfg = Release|Any CPU
		{7F5376B5-00C1-4E55-95F5-7B1E01CB1A18}.Release|x64.Build.0 = Release|Any CPU
		{7F5376B5-00C1-4E55-95F5-7B1E01CB1A18}.Release|x86.ActiveCfg = Release|Any CPU
		{7F5376B5-00C1-4E55-95F5-7B1E01CB1A18}.Release|x86.Build.0 = Release|Any CPU
		{B80139F4-9872-43A7-B9D8-D00269F4ABE8}.Debug|Any CPU.ActiveCfg = Debug|Any CPU
		{B80139F4-9872-43A7-B9D8-D00269F4ABE8}.Debug|Any CPU.Build.0 = Debug|Any CPU
		{B80139F4-9872-43A7-B9D8-D00269F4ABE8}.Debug|x64.ActiveCfg = Debug|Any CPU
		{B80139F4-9872-43A7-B9D8-D00269F4ABE8}.Debug|x64.Build.0 = Debug|Any CPU
		{B80139F4-9872-43A7-B9D8-D00269F4ABE8}.Debug|x86.ActiveCfg = Debug|Any CPU
		{B80139F4-9872-43A7-B9D8-D00269F4ABE8}.Debug|x86.Build.0 = Debug|Any CPU
		{B80139F4-9872-43A7-B9D8-D00269F4ABE8}.Release|Any CPU.ActiveCfg = Release|Any CPU
		{B80139F4-9872-43A7-B9D8-D00269F4ABE8}.Release|Any CPU.Build.0 = Release|Any CPU
		{B80139F4-9872-43A7-B9D8-D00269F4ABE8}.Release|x64.ActiveCfg = Release|Any CPU
		{B80139F4-9872-43A7-B9D8-D00269F4ABE8}.Release|x64.Build.0 = Release|Any CPU
		{B80139F4-9872-43A7-B9D8-D00269F4ABE8}.Release|x86.ActiveCfg = Release|Any CPU
		{B80139F4-9872-43A7-B9D8-D00269F4ABE8}.Release|x86.Build.0 = Release|Any CPU
	EndGlobalSection
	GlobalSection(SolutionProperties) = preSolution
		HideSolutionNode = FALSE
	EndGlobalSection
	GlobalSection(ExtensibilityGlobals) = postSolution
		SolutionGuid = {994E31E6-1EB8-4475-B3A9-F8807D468FA5}
	EndGlobalSection
EndGlobal
